// !$*UTF8*$!
{
	archiveVersion = 1;
	classes = {
	};
	objectVersion = 50;
	objects = {

/* Begin PBXBuildFile section */
		439297892722D628001891B8 /* AppDelegate.swift in Sources */ = {isa = PBXBuildFile; fileRef = 439297882722D628001891B8 /* AppDelegate.swift */; };
		4392978B2722D628001891B8 /* SceneDelegate.swift in Sources */ = {isa = PBXBuildFile; fileRef = 4392978A2722D628001891B8 /* SceneDelegate.swift */; };
		4392978D2722D628001891B8 /* ViewController.swift in Sources */ = {isa = PBXBuildFile; fileRef = 4392978C2722D628001891B8 /* ViewController.swift */; };
		439297902722D628001891B8 /* Main.storyboard in Resources */ = {isa = PBXBuildFile; fileRef = 4392978E2722D628001891B8 /* Main.storyboard */; };
		439297922722D629001891B8 /* Assets.xcassets in Resources */ = {isa = PBXBuildFile; fileRef = 439297912722D629001891B8 /* Assets.xcassets */; };
		439297952722D629001891B8 /* LaunchScreen.storyboard in Resources */ = {isa = PBXBuildFile; fileRef = 439297932722D629001891B8 /* LaunchScreen.storyboard */; };
		439297A02722D629001891B8 /* DoctorWinTests.swift in Sources */ = {isa = PBXBuildFile; fileRef = 4392979F2722D629001891B8 /* DoctorWinTests.swift */; };
		439297AB2722D629001891B8 /* DoctorWinUITests.swift in Sources */ = {isa = PBXBuildFile; fileRef = 439297AA2722D629001891B8 /* DoctorWinUITests.swift */; };
/* End PBXBuildFile section */

/* Begin PBXContainerItemProxy section */
		4392979C2722D629001891B8 /* PBXContainerItemProxy */ = {
			isa = PBXContainerItemProxy;
			containerPortal = 4392977D2722D628001891B8 /* Project object */;
			proxyType = 1;
			remoteGlobalIDString = 439297842722D628001891B8;
			remoteInfo = DoctorWin;
		};
		439297A72722D629001891B8 /* PBXContainerItemProxy */ = {
			isa = PBXContainerItemProxy;
			containerPortal = 4392977D2722D628001891B8 /* Project object */;
			proxyType = 1;
			remoteGlobalIDString = 439297842722D628001891B8;
			remoteInfo = DoctorWin;
		};
/* End PBXContainerItemProxy section */

/* Begin PBXFileReference section */
		439297852722D628001891B8 /* DoctorWin.app */ = {isa = PBXFileReference; explicitFileType = wrapper.application; includeInIndex = 0; path = DoctorWin.app; sourceTree = BUILT_PRODUCTS_DIR; };
		439297882722D628001891B8 /* AppDelegate.swift */ = {isa = PBXFileReference; lastKnownFileType = sourcecode.swift; path = AppDelegate.swift; sourceTree = "<group>"; };
		4392978A2722D628001891B8 /* SceneDelegate.swift */ = {isa = PBXFileReference; lastKnownFileType = sourcecode.swift; path = SceneDelegate.swift; sourceTree = "<group>"; };
		4392978C2722D628001891B8 /* ViewController.swift */ = {isa = PBXFileReference; lastKnownFileType = sourcecode.swift; path = ViewController.swift; sourceTree = "<group>"; };
		4392978F2722D628001891B8 /* Base */ = {isa = PBXFileReference; lastKnownFileType = file.storyboard; name = Base; path = Base.lproj/Main.storyboard; sourceTree = "<group>"; };
		439297912722D629001891B8 /* Assets.xcassets */ = {isa = PBXFileReference; lastKnownFileType = folder.assetcatalog; path = Assets.xcassets; sourceTree = "<group>"; };
		439297942722D629001891B8 /* Base */ = {isa = PBXFileReference; lastKnownFileType = file.storyboard; name = Base; path = Base.lproj/LaunchScreen.storyboard; sourceTree = "<group>"; };
		439297962722D629001891B8 /* Info.plist */ = {isa = PBXFileReference; lastKnownFileType = text.plist.xml; path = Info.plist; sourceTree = "<group>"; };
		4392979B2722D629001891B8 /* DoctorWinTests.xctest */ = {isa = PBXFileReference; explicitFileType = wrapper.cfbundle; includeInIndex = 0; path = DoctorWinTests.xctest; sourceTree = BUILT_PRODUCTS_DIR; };
		4392979F2722D629001891B8 /* DoctorWinTests.swift */ = {isa = PBXFileReference; lastKnownFileType = sourcecode.swift; path = DoctorWinTests.swift; sourceTree = "<group>"; };
		439297A12722D629001891B8 /* Info.plist */ = {isa = PBXFileReference; lastKnownFileType = text.plist.xml; path = Info.plist; sourceTree = "<group>"; };
		439297A62722D629001891B8 /* DoctorWinUITests.xctest */ = {isa = PBXFileReference; explicitFileType = wrapper.cfbundle; includeInIndex = 0; path = DoctorWinUITests.xctest; sourceTree = BUILT_PRODUCTS_DIR; };
		439297AA2722D629001891B8 /* DoctorWinUITests.swift */ = {isa = PBXFileReference; lastKnownFileType = sourcecode.swift; path = DoctorWinUITests.swift; sourceTree = "<group>"; };
		439297AC2722D629001891B8 /* Info.plist */ = {isa = PBXFileReference; lastKnownFileType = text.plist.xml; path = Info.plist; sourceTree = "<group>"; };
/* End PBXFileReference section */

/* Begin PBXFrameworksBuildPhase section */
		439297822722D628001891B8 /* Frameworks */ = {
			isa = PBXFrameworksBuildPhase;
			buildActionMask = 2147483647;
			files = (
			);
			runOnlyForDeploymentPostprocessing = 0;
		};
		439297982722D629001891B8 /* Frameworks */ = {
			isa = PBXFrameworksBuildPhase;
			buildActionMask = 2147483647;
			files = (
			);
			runOnlyForDeploymentPostprocessing = 0;
		};
		439297A32722D629001891B8 /* Frameworks */ = {
			isa = PBXFrameworksBuildPhase;
			buildActionMask = 2147483647;
			files = (
			);
			runOnlyForDeploymentPostprocessing = 0;
		};
/* End PBXFrameworksBuildPhase section */

/* Begin PBXGroup section */
		4392977C2722D628001891B8 = {
			isa = PBXGroup;
			children = (
				439297872722D628001891B8 /* DoctorWin */,
				4392979E2722D629001891B8 /* DoctorWinTests */,
				439297A92722D629001891B8 /* DoctorWinUITests */,
				439297862722D628001891B8 /* Products */,
			);
			sourceTree = "<group>";
		};
		439297862722D628001891B8 /* Products */ = {
			isa = PBXGroup;
			children = (
				439297852722D628001891B8 /* DoctorWin.app */,
				4392979B2722D629001891B8 /* DoctorWinTests.xctest */,
				439297A62722D629001891B8 /* DoctorWinUITests.xctest */,
			);
			name = Products;
			sourceTree = "<group>";
		};
		439297872722D628001891B8 /* DoctorWin */ = {
			isa = PBXGroup;
			children = (
				439297882722D628001891B8 /* AppDelegate.swift */,
				4392978A2722D628001891B8 /* SceneDelegate.swift */,
				4392978C2722D628001891B8 /* ViewController.swift */,
				4392978E2722D628001891B8 /* Main.storyboard */,
				439297912722D629001891B8 /* Assets.xcassets */,
				439297932722D629001891B8 /* LaunchScreen.storyboard */,
				439297962722D629001891B8 /* Info.plist */,
			);
			path = DoctorWin;
			sourceTree = "<group>";
		};
		4392979E2722D629001891B8 /* DoctorWinTests */ = {
			isa = PBXGroup;
			children = (
				4392979F2722D629001891B8 /* DoctorWinTests.swift */,
				439297A12722D629001891B8 /* Info.plist */,
			);
			path = DoctorWinTests;
			sourceTree = "<group>";
		};
		439297A92722D629001891B8 /* DoctorWinUITests */ = {
			isa = PBXGroup;
			children = (
				439297AA2722D629001891B8 /* DoctorWinUITests.swift */,
				439297AC2722D629001891B8 /* Info.plist */,
			);
			path = DoctorWinUITests;
			sourceTree = "<group>";
		};
/* End PBXGroup section */

/* Begin PBXNativeTarget section */
		439297842722D628001891B8 /* DoctorWin */ = {
			isa = PBXNativeTarget;
			buildConfigurationList = 439297AF2722D629001891B8 /* Build configuration list for PBXNativeTarget "DoctorWin" */;
			buildPhases = (
				439297812722D628001891B8 /* Sources */,
				439297822722D628001891B8 /* Frameworks */,
				439297832722D628001891B8 /* Resources */,
			);
			buildRules = (
			);
			dependencies = (
			);
			name = DoctorWin;
			productName = DoctorWin;
			productReference = 439297852722D628001891B8 /* DoctorWin.app */;
			productType = "com.apple.product-type.application";
		};
		4392979A2722D629001891B8 /* DoctorWinTests */ = {
			isa = PBXNativeTarget;
			buildConfigurationList = 439297B22722D629001891B8 /* Build configuration list for PBXNativeTarget "DoctorWinTests" */;
			buildPhases = (
				439297972722D629001891B8 /* Sources */,
				439297982722D629001891B8 /* Frameworks */,
				439297992722D629001891B8 /* Resources */,
			);
			buildRules = (
			);
			dependencies = (
				4392979D2722D629001891B8 /* PBXTargetDependency */,
			);
			name = DoctorWinTests;
			productName = DoctorWinTests;
			productReference = 4392979B2722D629001891B8 /* DoctorWinTests.xctest */;
			productType = "com.apple.product-type.bundle.unit-test";
		};
		439297A52722D629001891B8 /* DoctorWinUITests */ = {
			isa = PBXNativeTarget;
			buildConfigurationList = 439297B52722D629001891B8 /* Build configuration list for PBXNativeTarget "DoctorWinUITests" */;
			buildPhases = (
				439297A22722D629001891B8 /* Sources */,
				439297A32722D629001891B8 /* Frameworks */,
				439297A42722D629001891B8 /* Resources */,
			);
			buildRules = (
			);
			dependencies = (
				439297A82722D629001891B8 /* PBXTargetDependency */,
			);
			name = DoctorWinUITests;
			productName = DoctorWinUITests;
			productReference = 439297A62722D629001891B8 /* DoctorWinUITests.xctest */;
			productType = "com.apple.product-type.bundle.ui-testing";
		};
/* End PBXNativeTarget section */

/* Begin PBXProject section */
		4392977D2722D628001891B8 /* Project object */ = {
			isa = PBXProject;
			attributes = {
				LastSwiftUpdateCheck = 1250;
				LastUpgradeCheck = 1250;
				TargetAttributes = {
					439297842722D628001891B8 = {
						CreatedOnToolsVersion = 12.5.1;
					};
					4392979A2722D629001891B8 = {
						CreatedOnToolsVersion = 12.5.1;
						TestTargetID = 439297842722D628001891B8;
					};
					439297A52722D629001891B8 = {
						CreatedOnToolsVersion = 12.5.1;
						TestTargetID = 439297842722D628001891B8;
					};
				};
			};
			buildConfigurationList = 439297802722D628001891B8 /* Build configuration list for PBXProject "DoctorWin" */;
			compatibilityVersion = "Xcode 9.3";
			developmentRegion = en;
			hasScannedForEncodings = 0;
			knownRegions = (
				en,
				Base,
			);
			mainGroup = 4392977C2722D628001891B8;
			productRefGroup = 439297862722D628001891B8 /* Products */;
			projectDirPath = "";
			projectRoot = "";
			targets = (
				439297842722D628001891B8 /* DoctorWin */,
				4392979A2722D629001891B8 /* DoctorWinTests */,
				439297A52722D629001891B8 /* DoctorWinUITests */,
			);
		};
/* End PBXProject section */

/* Begin PBXResourcesBuildPhase section */
		439297832722D628001891B8 /* Resources */ = {
			isa = PBXResourcesBuildPhase;
			buildActionMask = 2147483647;
			files = (
				439297952722D629001891B8 /* LaunchScreen.storyboard in Resources */,
				439297922722D629001891B8 /* Assets.xcassets in Resources */,
				439297902722D628001891B8 /* Main.storyboard in Resources */,
			);
			runOnlyForDeploymentPostprocessing = 0;
		};
		439297992722D629001891B8 /* Resources */ = {
			isa = PBXResourcesBuildPhase;
			buildActionMask = 2147483647;
			files = (
			);
			runOnlyForDeploymentPostprocessing = 0;
		};
		439297A42722D629001891B8 /* Resources */ = {
			isa = PBXResourcesBuildPhase;
			buildActionMask = 2147483647;
			files = (
			);
			runOnlyForDeploymentPostprocessing = 0;
		};
/* End PBXResourcesBuildPhase section */

/* Begin PBXSourcesBuildPhase section */
		439297812722D628001891B8 /* Sources */ = {
			isa = PBXSourcesBuildPhase;
			buildActionMask = 2147483647;
			files = (
				4392978D2722D628001891B8 /* ViewController.swift in Sources */,
				439297892722D628001891B8 /* AppDelegate.swift in Sources */,
				4392978B2722D628001891B8 /* SceneDelegate.swift in Sources */,
			);
			runOnlyForDeploymentPostprocessing = 0;
		};
		439297972722D629001891B8 /* Sources */ = {
			isa = PBXSourcesBuildPhase;
			buildActionMask = 2147483647;
			files = (
				439297A02722D629001891B8 /* DoctorWinTests.swift in Sources */,
			);
			runOnlyForDeploymentPostprocessing = 0;
		};
		439297A22722D629001891B8 /* Sources */ = {
			isa = PBXSourcesBuildPhase;
			buildActionMask = 2147483647;
			files = (
				439297AB2722D629001891B8 /* DoctorWinUITests.swift in Sources */,
			);
			runOnlyForDeploymentPostprocessing = 0;
		};
/* End PBXSourcesBuildPhase section */

/* Begin PBXTargetDependency section */
		4392979D2722D629001891B8 /* PBXTargetDependency */ = {
			isa = PBXTargetDependency;
			target = 439297842722D628001891B8 /* DoctorWin */;
			targetProxy = 4392979C2722D629001891B8 /* PBXContainerItemProxy */;
		};
		439297A82722D629001891B8 /* PBXTargetDependency */ = {
			isa = PBXTargetDependency;
			target = 439297842722D628001891B8 /* DoctorWin */;
			targetProxy = 439297A72722D629001891B8 /* PBXContainerItemProxy */;
		};
/* End PBXTargetDependency section */

/* Begin PBXVariantGroup section */
		4392978E2722D628001891B8 /* Main.storyboard */ = {
			isa = PBXVariantGroup;
			children = (
				4392978F2722D628001891B8 /* Base */,
			);
			name = Main.storyboard;
			sourceTree = "<group>";
		};
		439297932722D629001891B8 /* LaunchScreen.storyboard */ = {
			isa = PBXVariantGroup;
			children = (
				439297942722D629001891B8 /* Base */,
			);
			name = LaunchScreen.storyboard;
			sourceTree = "<group>";
		};
/* End PBXVariantGroup section */

/* Begin XCBuildConfiguration section */
		439297AD2722D629001891B8 /* Debug */ = {
			isa = XCBuildConfiguration;
			buildSettings = {
				ALWAYS_SEARCH_USER_PATHS = NO;
				CLANG_ANALYZER_NONNULL = YES;
				CLANG_ANALYZER_NUMBER_OBJECT_CONVERSION = YES_AGGRESSIVE;
				CLANG_CXX_LANGUAGE_STANDARD = "gnu++14";
				CLANG_CXX_LIBRARY = "libc++";
				CLANG_ENABLE_MODULES = YES;
				CLANG_ENABLE_OBJC_ARC = YES;
				CLANG_ENABLE_OBJC_WEAK = YES;
				CLANG_WARN_BLOCK_CAPTURE_AUTORELEASING = YES;
				CLANG_WARN_BOOL_CONVERSION = YES;
				CLANG_WARN_COMMA = YES;
				CLANG_WARN_CONSTANT_CONVERSION = YES;
				CLANG_WARN_DEPRECATED_OBJC_IMPLEMENTATIONS = YES;
				CLANG_WARN_DIRECT_OBJC_ISA_USAGE = YES_ERROR;
				CLANG_WARN_DOCUMENTATION_COMMENTS = YES;
				CLANG_WARN_EMPTY_BODY = YES;
				CLANG_WARN_ENUM_CONVERSION = YES;
				CLANG_WARN_INFINITE_RECURSION = YES;
				CLANG_WARN_INT_CONVERSION = YES;
				CLANG_WARN_NON_LITERAL_NULL_CONVERSION = YES;
				CLANG_WARN_OBJC_IMPLICIT_RETAIN_SELF = YES;
				CLANG_WARN_OBJC_LITERAL_CONVERSION = YES;
				CLANG_WARN_OBJC_ROOT_CLASS = YES_ERROR;
				CLANG_WARN_QUOTED_INCLUDE_IN_FRAMEWORK_HEADER = YES;
				CLANG_WARN_RANGE_LOOP_ANALYSIS = YES;
				CLANG_WARN_STRICT_PROTOTYPES = YES;
				CLANG_WARN_SUSPICIOUS_MOVE = YES;
				CLANG_WARN_UNGUARDED_AVAILABILITY = YES_AGGRESSIVE;
				CLANG_WARN_UNREACHABLE_CODE = YES;
				CLANG_WARN__DUPLICATE_METHOD_MATCH = YES;
				COPY_PHASE_STRIP = NO;
				DEBUG_INFORMATION_FORMAT = dwarf;
				ENABLE_STRICT_OBJC_MSGSEND = YES;
				ENABLE_TESTABILITY = YES;
				GCC_C_LANGUAGE_STANDARD = gnu11;
				GCC_DYNAMIC_NO_PIC = NO;
				GCC_NO_COMMON_BLOCKS = YES;
				GCC_OPTIMIZATION_LEVEL = 0;
				GCC_PREPROCESSOR_DEFINITIONS = (
					"DEBUG=1",
					"$(inherited)",
				);
				GCC_WARN_64_TO_32_BIT_CONVERSION = YES;
				GCC_WARN_ABOUT_RETURN_TYPE = YES_ERROR;
				GCC_WARN_UNDECLARED_SELECTOR = YES;
				GCC_WARN_UNINITIALIZED_AUTOS = YES_AGGRESSIVE;
				GCC_WARN_UNUSED_FUNCTION = YES;
				GCC_WARN_UNUSED_VARIABLE = YES;
				IPHONEOS_DEPLOYMENT_TARGET = 14.5;
				MTL_ENABLE_DEBUG_INFO = INCLUDE_SOURCE;
				MTL_FAST_MATH = YES;
				ONLY_ACTIVE_ARCH = YES;
				SDKROOT = iphoneos;
				SWIFT_ACTIVE_COMPILATION_CONDITIONS = DEBUG;
				SWIFT_OPTIMIZATION_LEVEL = "-Onone";
			};
			name = Debug;
		};
		439297AE2722D629001891B8 /* Release */ = {
			isa = XCBuildConfiguration;
			buildSettings = {
				ALWAYS_SEARCH_USER_PATHS = NO;
				CLANG_ANALYZER_NONNULL = YES;
				CLANG_ANALYZER_NUMBER_OBJECT_CONVERSION = YES_AGGRESSIVE;
				CLANG_CXX_LANGUAGE_STANDARD = "gnu++14";
				CLANG_CXX_LIBRARY = "libc++";
				CLANG_ENABLE_MODULES = YES;
				CLANG_ENABLE_OBJC_ARC = YES;
				CLANG_ENABLE_OBJC_WEAK = YES;
				CLANG_WARN_BLOCK_CAPTURE_AUTORELEASING = YES;
				CLANG_WARN_BOOL_CONVERSION = YES;
				CLANG_WARN_COMMA = YES;
				CLANG_WARN_CONSTANT_CONVERSION = YES;
				CLANG_WARN_DEPRECATED_OBJC_IMPLEMENTATIONS = YES;
				CLANG_WARN_DIRECT_OBJC_ISA_USAGE = YES_ERROR;
				CLANG_WARN_DOCUMENTATION_COMMENTS = YES;
				CLANG_WARN_EMPTY_BODY = YES;
				CLANG_WARN_ENUM_CONVERSION = YES;
				CLANG_WARN_INFINITE_RECURSION = YES;
				CLANG_WARN_INT_CONVERSION = YES;
				CLANG_WARN_NON_LITERAL_NULL_CONVERSION = YES;
				CLANG_WARN_OBJC_IMPLICIT_RETAIN_SELF = YES;
				CLANG_WARN_OBJC_LITERAL_CONVERSION = YES;
				CLANG_WARN_OBJC_ROOT_CLASS = YES_ERROR;
				CLANG_WARN_QUOTED_INCLUDE_IN_FRAMEWORK_HEADER = YES;
				CLANG_WARN_RANGE_LOOP_ANALYSIS = YES;
				CLANG_WARN_STRICT_PROTOTYPES = YES;
				CLANG_WARN_SUSPICIOUS_MOVE = YES;
				CLANG_WARN_UNGUARDED_AVAILABILITY = YES_AGGRESSIVE;
				CLANG_WARN_UNREACHABLE_CODE = YES;
				CLANG_WARN__DUPLICATE_METHOD_MATCH = YES;
				COPY_PHASE_STRIP = NO;
				DEBUG_INFORMATION_FORMAT = "dwarf-with-dsym";
				ENABLE_NS_ASSERTIONS = NO;
				ENABLE_STRICT_OBJC_MSGSEND = YES;
				GCC_C_LANGUAGE_STANDARD = gnu11;
				GCC_NO_COMMON_BLOCKS = YES;
				GCC_WARN_64_TO_32_BIT_CONVERSION = YES;
				GCC_WARN_ABOUT_RETURN_TYPE = YES_ERROR;
				GCC_WARN_UNDECLARED_SELECTOR = YES;
				GCC_WARN_UNINITIALIZED_AUTOS = YES_AGGRESSIVE;
				GCC_WARN_UNUSED_FUNCTION = YES;
				GCC_WARN_UNUSED_VARIABLE = YES;
				IPHONEOS_DEPLOYMENT_TARGET = 14.5;
				MTL_ENABLE_DEBUG_INFO = NO;
				MTL_FAST_MATH = YES;
				SDKROOT = iphoneos;
				SWIFT_COMPILATION_MODE = wholemodule;
				SWIFT_OPTIMIZATION_LEVEL = "-O";
				VALIDATE_PRODUCT = YES;
			};
			name = Release;
		};
		439297B02722D629001891B8 /* Debug */ = {
			isa = XCBuildConfiguration;
			buildSettings = {
				ASSETCATALOG_COMPILER_APPICON_NAME = AppIcon;
				ASSETCATALOG_COMPILER_GLOBAL_ACCENT_COLOR_NAME = AccentColor;
				CODE_SIGN_STYLE = Automatic;
				INFOPLIST_FILE = DoctorWin/Info.plist;
				LD_RUNPATH_SEARCH_PATHS = (
					"$(inherited)",
					"@executable_path/Frameworks",
				);
				PRODUCT_BUNDLE_IDENTIFIER = com.MedLab.ios.DoctorWin;
				PRODUCT_NAME = "$(TARGET_NAME)";
				SWIFT_VERSION = 5.0;
				TARGETED_DEVICE_FAMILY = "1,2";
			};
			name = Debug;
		};
		439297B12722D629001891B8 /* Release */ = {
			isa = XCBuildConfiguration;
			buildSettings = {
				ASSETCATALOG_COMPILER_APPICON_NAME = AppIcon;
				ASSETCATALOG_COMPILER_GLOBAL_ACCENT_COLOR_NAME = AccentColor;
				CODE_SIGN_STYLE = Automatic;
				INFOPLIST_FILE = DoctorWin/Info.plist;
				LD_RUNPATH_SEARCH_PATHS = (
					"$(inherited)",
					"@executable_path/Frameworks",
				);
				PRODUCT_BUNDLE_IDENTIFIER = com.MedLab.ios.DoctorWin;
				PRODUCT_NAME = "$(TARGET_NAME)";
				SWIFT_VERSION = 5.0;
				TARGETED_DEVICE_FAMILY = "1,2";
			};
			name = Release;
		};
		439297B32722D629001891B8 /* Debug */ = {
			isa = XCBuildConfiguration;
			buildSettings = {
				ALWAYS_EMBED_SWIFT_STANDARD_LIBRARIES = YES;
				BUNDLE_LOADER = "$(TEST_HOST)";
				CODE_SIGN_STYLE = Automatic;
				INFOPLIST_FILE = DoctorWinTests/Info.plist;
				IPHONEOS_DEPLOYMENT_TARGET = 14.5;
				LD_RUNPATH_SEARCH_PATHS = (
					"$(inherited)",
					"@executable_path/Frameworks",
					"@loader_path/Frameworks",
				);
				PRODUCT_BUNDLE_IDENTIFIER = com.MedLab.ios.DoctorWinTests;
				PRODUCT_NAME = "$(TARGET_NAME)";
				SWIFT_VERSION = 5.0;
				TARGETED_DEVICE_FAMILY = "1,2";
				TEST_HOST = "$(BUILT_PRODUCTS_DIR)/DoctorWin.app/DoctorWin";
			};
			name = Debug;
		};
		439297B42722D629001891B8 /* Release */ = {
			isa = XCBuildConfiguration;
			buildSettings = {
				ALWAYS_EMBED_SWIFT_STANDARD_LIBRARIES = YES;
				BUNDLE_LOADER = "$(TEST_HOST)";
				CODE_SIGN_STYLE = Automatic;
				INFOPLIST_FILE = DoctorWinTests/Info.plist;
				IPHONEOS_DEPLOYMENT_TARGET = 14.5;
				LD_RUNPATH_SEARCH_PATHS = (
					"$(inherited)",
					"@executable_path/Frameworks",
					"@loader_path/Frameworks",
				);
				PRODUCT_BUNDLE_IDENTIFIER = com.MedLab.ios.DoctorWinTests;
				PRODUCT_NAME = "$(TARGET_NAME)";
				SWIFT_VERSION = 5.0;
				TARGETED_DEVICE_FAMILY = "1,2";
				TEST_HOST = "$(BUILT_PRODUCTS_DIR)/DoctorWin.app/DoctorWin";
			};
			name = Release;
		};
		439297B62722D629001891B8 /* Debug */ = {
			isa = XCBuildConfiguration;
			buildSettings = {
				ALWAYS_EMBED_SWIFT_STANDARD_LIBRARIES = YES;
				CODE_SIGN_STYLE = Automatic;
				INFOPLIST_FILE = DoctorWinUITests/Info.plist;
				LD_RUNPATH_SEARCH_PATHS = (
					"$(inherited)",
					"@executable_path/Frameworks",
					"@loader_path/Frameworks",
				);
				PRODUCT_BUNDLE_IDENTIFIER = com.MedLab.ios.DoctorWinUITests;
				PRODUCT_NAME = "$(TARGET_NAME)";
				SWIFT_VERSION = 5.0;
				TARGETED_DEVICE_FAMILY = "1,2";
				TEST_TARGET_NAME = DoctorWin;
			};
			name = Debug;
		};
		439297B72722D629001891B8 /* Release */ = {
			isa = XCBuildConfiguration;
			buildSettings = {
				ALWAYS_EMBED_SWIFT_STANDARD_LIBRARIES = YES;
				CODE_SIGN_STYLE = Automatic;
				INFOPLIST_FILE = DoctorWinUITests/Info.plist;
				LD_RUNPATH_SEARCH_PATHS = (
					"$(inherited)",
					"@executable_path/Frameworks",
					"@loader_path/Frameworks",
				);
				PRODUCT_BUNDLE_IDENTIFIER = com.MedLab.ios.DoctorWinUITests;
				PRODUCT_NAME = "$(TARGET_NAME)";
				SWIFT_VERSION = 5.0;
				TARGETED_DEVICE_FAMILY = "1,2";
				TEST_TARGET_NAME = DoctorWin;
			};
			name = Release;
		};
/* End XCBuildConfiguration section */

/* Begin XCConfigurationList section */
		439297802722D628001891B8 /* Build configuration list for PBXProject "DoctorWin" */ = {
			isa = XCConfigurationList;
			buildConfigurations = (
				439297AD2722D629001891B8 /* Debug */,
				439297AE2722D629001891B8 /* Release */,
			);
			defaultConfigurationIsVisible = 0;
			defaultConfigurationName = Release;
		};
		439297AF2722D629001891B8 /* Build configuration list for PBXNativeTarget "DoctorWin" */ = {
			isa = XCConfigurationList;
			buildConfigurations = (
				439297B02722D629001891B8 /* Debug */,
				439297B12722D629001891B8 /* Release */,
			);
			defaultConfigurationIsVisible = 0;
			defaultConfigurationName = Release;
		};
		439297B22722D629001891B8 /* Build configuration list for PBXNativeTarget "DoctorWinTests" */ = {
			isa = XCConfigurationList;
			buildConfigurations = (
				439297B32722D629001891B8 /* Debug */,
				439297B42722D629001891B8 /* Release */,
			);
			defaultConfigurationIsVisible = 0;
			defaultConfigurationName = Release;
		};
		439297B52722D629001891B8 /* Build configuration list for PBXNativeTarget "DoctorWinUITests" */ = {
			isa = XCConfigurationList;
			buildConfigurations = (
				439297B62722D629001891B8 /* Debug */,
				439297B72722D629001891B8 /* Release */,
			);
			defaultConfigurationIsVisible = 0;
			defaultConfigurationName = Release;
		};
/* End XCConfigurationList section */
	};
	rootObject = 4392977D2722D628001891B8 /* Project object */;
}
